// !$*UTF8*$!
{
	archiveVersion = 1;
	classes = {
	};
	objectVersion = 51;
	objects = {

/* Begin PBXBuildFile section */
		73E29C9C3D31DB1E1FA4CCB3 /* Pods_UserLocation.framework in Frameworks */ = {isa = PBXBuildFile; fileRef = 7647C81E1745BA50D877A46E /* Pods_UserLocation.framework */; };
		84179501238711E100B82E56 /* AppDelegate.swift in Sources */ = {isa = PBXBuildFile; fileRef = 84179500238711E100B82E56 /* AppDelegate.swift */; };
		84179508238711E100B82E56 /* Main.storyboard in Resources */ = {isa = PBXBuildFile; fileRef = 84179506238711E100B82E56 /* Main.storyboard */; };
		8417950A238711E500B82E56 /* Assets.xcassets in Resources */ = {isa = PBXBuildFile; fileRef = 84179509238711E500B82E56 /* Assets.xcassets */; };
		8417950D238711E500B82E56 /* LaunchScreen.storyboard in Resources */ = {isa = PBXBuildFile; fileRef = 8417950B238711E500B82E56 /* LaunchScreen.storyboard */; };
		84179519238712EE00B82E56 /* MoyaService.swift in Sources */ = {isa = PBXBuildFile; fileRef = 84179518238712EE00B82E56 /* MoyaService.swift */; };
		8417951D2387132D00B82E56 /* MapViewController.swift in Sources */ = {isa = PBXBuildFile; fileRef = 8417951C2387132D00B82E56 /* MapViewController.swift */; };
		841795202387146600B82E56 /* MapViewModel.swift in Sources */ = {isa = PBXBuildFile; fileRef = 8417951F2387146600B82E56 /* MapViewModel.swift */; };
		841795222387147200B82E56 /* MapProtocol.swift in Sources */ = {isa = PBXBuildFile; fileRef = 841795212387147200B82E56 /* MapProtocol.swift */; };
		84179524238717B200B82E56 /* DataModel.swift in Sources */ = {isa = PBXBuildFile; fileRef = 84179523238717B200B82E56 /* DataModel.swift */; };
		841795262387180500B82E56 /* Address.swift in Sources */ = {isa = PBXBuildFile; fileRef = 841795252387180500B82E56 /* Address.swift */; };
/* End PBXBuildFile section */

/* Begin PBXFileReference section */
		41731552F624D2AE38EFC7B5 /* Pods-UserLocation.release.xcconfig */ = {isa = PBXFileReference; includeInIndex = 1; lastKnownFileType = text.xcconfig; name = "Pods-UserLocation.release.xcconfig"; path = "Target Support Files/Pods-UserLocation/Pods-UserLocation.release.xcconfig"; sourceTree = "<group>"; };
		7647C81E1745BA50D877A46E /* Pods_UserLocation.framework */ = {isa = PBXFileReference; explicitFileType = wrapper.framework; includeInIndex = 0; path = Pods_UserLocation.framework; sourceTree = BUILT_PRODUCTS_DIR; };
		841794FD238711E100B82E56 /* UserLocation.app */ = {isa = PBXFileReference; explicitFileType = wrapper.application; includeInIndex = 0; path = UserLocation.app; sourceTree = BUILT_PRODUCTS_DIR; };
		84179500238711E100B82E56 /* AppDelegate.swift */ = {isa = PBXFileReference; lastKnownFileType = sourcecode.swift; path = AppDelegate.swift; sourceTree = "<group>"; };
		84179507238711E100B82E56 /* Base */ = {isa = PBXFileReference; lastKnownFileType = file.storyboard; name = Base; path = Base.lproj/Main.storyboard; sourceTree = "<group>"; };
		84179509238711E500B82E56 /* Assets.xcassets */ = {isa = PBXFileReference; lastKnownFileType = folder.assetcatalog; path = Assets.xcassets; sourceTree = "<group>"; };
		8417950C238711E500B82E56 /* Base */ = {isa = PBXFileReference; lastKnownFileType = file.storyboard; name = Base; path = Base.lproj/LaunchScreen.storyboard; sourceTree = "<group>"; };
		8417950E238711E500B82E56 /* Info.plist */ = {isa = PBXFileReference; lastKnownFileType = text.plist.xml; path = Info.plist; sourceTree = "<group>"; };
		84179518238712EE00B82E56 /* MoyaService.swift */ = {isa = PBXFileReference; lastKnownFileType = sourcecode.swift; path = MoyaService.swift; sourceTree = "<group>"; };
		8417951C2387132D00B82E56 /* MapViewController.swift */ = {isa = PBXFileReference; lastKnownFileType = sourcecode.swift; path = MapViewController.swift; sourceTree = "<group>"; };
		8417951F2387146600B82E56 /* MapViewModel.swift */ = {isa = PBXFileReference; lastKnownFileType = sourcecode.swift; path = MapViewModel.swift; sourceTree = "<group>"; };
		841795212387147200B82E56 /* MapProtocol.swift */ = {isa = PBXFileReference; lastKnownFileType = sourcecode.swift; path = MapProtocol.swift; sourceTree = "<group>"; };
		84179523238717B200B82E56 /* DataModel.swift */ = {isa = PBXFileReference; lastKnownFileType = sourcecode.swift; path = DataModel.swift; sourceTree = "<group>"; };
		841795252387180500B82E56 /* Address.swift */ = {isa = PBXFileReference; lastKnownFileType = sourcecode.swift; path = Address.swift; sourceTree = "<group>"; };
		D633A7F3344532DE266E56A1 /* Pods-UserLocation.debug.xcconfig */ = {isa = PBXFileReference; includeInIndex = 1; lastKnownFileType = text.xcconfig; name = "Pods-UserLocation.debug.xcconfig"; path = "Target Support Files/Pods-UserLocation/Pods-UserLocation.debug.xcconfig"; sourceTree = "<group>"; };
/* End PBXFileReference section */

/* Begin PBXFrameworksBuildPhase section */
		841794FA238711E100B82E56 /* Frameworks */ = {
			isa = PBXFrameworksBuildPhase;
			buildActionMask = 2147483647;
			files = (
				73E29C9C3D31DB1E1FA4CCB3 /* Pods_UserLocation.framework in Frameworks */,
			);
			runOnlyForDeploymentPostprocessing = 0;
		};
/* End PBXFrameworksBuildPhase section */

/* Begin PBXGroup section */
		3C949C4A884964DD82FF7A65 /* Pods */ = {
			isa = PBXGroup;
			children = (
				D633A7F3344532DE266E56A1 /* Pods-UserLocation.debug.xcconfig */,
				41731552F624D2AE38EFC7B5 /* Pods-UserLocation.release.xcconfig */,
			);
			path = Pods;
			sourceTree = "<group>";
		};
		68AD58B4E9D33D3A6F06C9CA /* Frameworks */ = {
			isa = PBXGroup;
			children = (
				7647C81E1745BA50D877A46E /* Pods_UserLocation.framework */,
			);
			name = Frameworks;
			sourceTree = "<group>";
		};
		841794F4238711E100B82E56 = {
			isa = PBXGroup;
			children = (
				841794FF238711E100B82E56 /* UserLocation */,
				841794FE238711E100B82E56 /* Products */,
				3C949C4A884964DD82FF7A65 /* Pods */,
				68AD58B4E9D33D3A6F06C9CA /* Frameworks */,
			);
			sourceTree = "<group>";
		};
		841794FE238711E100B82E56 /* Products */ = {
			isa = PBXGroup;
			children = (
				841794FD238711E100B82E56 /* UserLocation.app */,
			);
			name = Products;
			sourceTree = "<group>";
		};
		841794FF238711E100B82E56 /* UserLocation */ = {
			isa = PBXGroup;
			children = (
				841795142387128100B82E56 /* Application */,
				84179517238712D500B82E56 /* Core */,
				84179516238712AC00B82E56 /* Screens */,
				8417952923871CD300B82E56 /* Views */,
				841795152387128F00B82E56 /* Resourses */,
			);
			path = UserLocation;
			sourceTree = "<group>";
		};
		841795142387128100B82E56 /* Application */ = {
			isa = PBXGroup;
			children = (
				84179500238711E100B82E56 /* AppDelegate.swift */,
				8417950E238711E500B82E56 /* Info.plist */,
			);
			path = Application;
			sourceTree = "<group>";
		};
		841795152387128F00B82E56 /* Resourses */ = {
			isa = PBXGroup;
			children = (
				84179509238711E500B82E56 /* Assets.xcassets */,
			);
			path = Resourses;
			sourceTree = "<group>";
		};
		84179516238712AC00B82E56 /* Screens */ = {
			isa = PBXGroup;
			children = (
				84179506238711E100B82E56 /* Main.storyboard */,
				8417951E2387145100B82E56 /* MapViewController */,
			);
			path = Screens;
			sourceTree = "<group>";
		};
		84179517238712D500B82E56 /* Core */ = {
			isa = PBXGroup;
			children = (
				8417951A238712F600B82E56 /* Moya */,
			);
			path = Core;
			sourceTree = "<group>";
		};
		8417951A238712F600B82E56 /* Moya */ = {
			isa = PBXGroup;
			children = (
				84179518238712EE00B82E56 /* MoyaService.swift */,
				8417951B238712FA00B82E56 /* Entities */,
			);
			path = Moya;
			sourceTree = "<group>";
		};
		8417951B238712FA00B82E56 /* Entities */ = {
			isa = PBXGroup;
			children = (
				84179523238717B200B82E56 /* DataModel.swift */,
				841795252387180500B82E56 /* Address.swift */,
			);
			path = Entities;
			sourceTree = "<group>";
		};
		8417951E2387145100B82E56 /* MapViewController */ = {
			isa = PBXGroup;
			children = (
				8417951C2387132D00B82E56 /* MapViewController.swift */,
				8417951F2387146600B82E56 /* MapViewModel.swift */,
				841795212387147200B82E56 /* MapProtocol.swift */,
			);
			path = MapViewController;
			sourceTree = "<group>";
		};
		8417952923871CD300B82E56 /* Views */ = {
			isa = PBXGroup;
			children = (
				8417950B238711E500B82E56 /* LaunchScreen.storyboard */,
			);
			path = Views;
			sourceTree = "<group>";
		};
/* End PBXGroup section */

/* Begin PBXNativeTarget section */
		841794FC238711E100B82E56 /* UserLocation */ = {
			isa = PBXNativeTarget;
			buildConfigurationList = 84179511238711E500B82E56 /* Build configuration list for PBXNativeTarget "UserLocation" */;
			buildPhases = (
				5EE01963C8591A32DB84EB75 /* [CP] Check Pods Manifest.lock */,
				841794F9238711E100B82E56 /* Sources */,
				841794FA238711E100B82E56 /* Frameworks */,
				841794FB238711E100B82E56 /* Resources */,
				59F1563CF1132A2E01398639 /* [CP] Embed Pods Frameworks */,
			);
			buildRules = (
			);
			dependencies = (
			);
			name = UserLocation;
			productName = UserLocation;
			productReference = 841794FD238711E100B82E56 /* UserLocation.app */;
			productType = "com.apple.product-type.application";
		};
/* End PBXNativeTarget section */

/* Begin PBXProject section */
		841794F5238711E100B82E56 /* Project object */ = {
			isa = PBXProject;
			attributes = {
				LastSwiftUpdateCheck = 1100;
				LastUpgradeCheck = 1100;
				ORGANIZATIONNAME = IK;
				TargetAttributes = {
					841794FC238711E100B82E56 = {
						CreatedOnToolsVersion = 11.0;
					};
				};
			};
			buildConfigurationList = 841794F8238711E100B82E56 /* Build configuration list for PBXProject "UserLocation" */;
			compatibilityVersion = "Xcode 9.3";
			developmentRegion = en;
			hasScannedForEncodings = 0;
			knownRegions = (
				en,
				Base,
			);
			mainGroup = 841794F4238711E100B82E56;
			productRefGroup = 841794FE238711E100B82E56 /* Products */;
			projectDirPath = "";
			projectRoot = "";
			targets = (
				841794FC238711E100B82E56 /* UserLocation */,
			);
		};
/* End PBXProject section */

/* Begin PBXResourcesBuildPhase section */
		841794FB238711E100B82E56 /* Resources */ = {
			isa = PBXResourcesBuildPhase;
			buildActionMask = 2147483647;
			files = (
				8417950D238711E500B82E56 /* LaunchScreen.storyboard in Resources */,
				8417950A238711E500B82E56 /* Assets.xcassets in Resources */,
				84179508238711E100B82E56 /* Main.storyboard in Resources */,
			);
			runOnlyForDeploymentPostprocessing = 0;
		};
/* End PBXResourcesBuildPhase section */

/* Begin PBXShellScriptBuildPhase section */
		59F1563CF1132A2E01398639 /* [CP] Embed Pods Frameworks */ = {
			isa = PBXShellScriptBuildPhase;
			buildActionMask = 2147483647;
			files = (
			);
			inputFileListPaths = (
				"${PODS_ROOT}/Target Support Files/Pods-UserLocation/Pods-UserLocation-frameworks-${CONFIGURATION}-input-files.xcfilelist",
			);
			name = "[CP] Embed Pods Frameworks";
			outputFileListPaths = (
				"${PODS_ROOT}/Target Support Files/Pods-UserLocation/Pods-UserLocation-frameworks-${CONFIGURATION}-output-files.xcfilelist",
			);
			runOnlyForDeploymentPostprocessing = 0;
			shellPath = /bin/sh;
			shellScript = "\"${PODS_ROOT}/Target Support Files/Pods-UserLocation/Pods-UserLocation-frameworks.sh\"\n";
			showEnvVarsInLog = 0;
		};
		5EE01963C8591A32DB84EB75 /* [CP] Check Pods Manifest.lock */ = {
			isa = PBXShellScriptBuildPhase;
			buildActionMask = 2147483647;
			files = (
			);
			inputFileListPaths = (
			);
			inputPaths = (
				"${PODS_PODFILE_DIR_PATH}/Podfile.lock",
				"${PODS_ROOT}/Manifest.lock",
			);
			name = "[CP] Check Pods Manifest.lock";
			outputFileListPaths = (
			);
			outputPaths = (
				"$(DERIVED_FILE_DIR)/Pods-UserLocation-checkManifestLockResult.txt",
			);
			runOnlyForDeploymentPostprocessing = 0;
			shellPath = /bin/sh;
			shellScript = "diff \"${PODS_PODFILE_DIR_PATH}/Podfile.lock\" \"${PODS_ROOT}/Manifest.lock\" > /dev/null\nif [ $? != 0 ] ; then\n    # print error to STDERR\n    echo \"error: The sandbox is not in sync with the Podfile.lock. Run 'pod install' or update your CocoaPods installation.\" >&2\n    exit 1\nfi\n# This output is used by Xcode 'outputs' to avoid re-running this script phase.\necho \"SUCCESS\" > \"${SCRIPT_OUTPUT_FILE_0}\"\n";
			showEnvVarsInLog = 0;
		};
/* End PBXShellScriptBuildPhase section */

/* Begin PBXSourcesBuildPhase section */
		841794F9238711E100B82E56 /* Sources */ = {
			isa = PBXSourcesBuildPhase;
			buildActionMask = 2147483647;
			files = (
				841795222387147200B82E56 /* MapProtocol.swift in Sources */,
				84179519238712EE00B82E56 /* MoyaService.swift in Sources */,
				8417951D2387132D00B82E56 /* MapViewController.swift in Sources */,
				84179501238711E100B82E56 /* AppDelegate.swift in Sources */,
				841795202387146600B82E56 /* MapViewModel.swift in Sources */,
				84179524238717B200B82E56 /* DataModel.swift in Sources */,
				841795262387180500B82E56 /* Address.swift in Sources */,
			);
			runOnlyForDeploymentPostprocessing = 0;
		};
/* End PBXSourcesBuildPhase section */

/* Begin PBXVariantGroup section */
		84179506238711E100B82E56 /* Main.storyboard */ = {
			isa = PBXVariantGroup;
			children = (
				84179507238711E100B82E56 /* Base */,
			);
			name = Main.storyboard;
			sourceTree = "<group>";
		};
		8417950B238711E500B82E56 /* LaunchScreen.storyboard */ = {
			isa = PBXVariantGroup;
			children = (
				8417950C238711E500B82E56 /* Base */,
			);
			name = LaunchScreen.storyboard;
			sourceTree = "<group>";
		};
/* End PBXVariantGroup section */

/* Begin XCBuildConfiguration section */
		8417950F238711E500B82E56 /* Debug */ = {
			isa = XCBuildConfiguration;
			buildSettings = {
				ALWAYS_SEARCH_USER_PATHS = NO;
				CLANG_ANALYZER_NONNULL = YES;
				CLANG_ANALYZER_NUMBER_OBJECT_CONVERSION = YES_AGGRESSIVE;
				CLANG_CXX_LANGUAGE_STANDARD = "gnu++14";
				CLANG_CXX_LIBRARY = "libc++";
				CLANG_ENABLE_MODULES = YES;
				CLANG_ENABLE_OBJC_ARC = YES;
				CLANG_ENABLE_OBJC_WEAK = YES;
				CLANG_WARN_BLOCK_CAPTURE_AUTORELEASING = YES;
				CLANG_WARN_BOOL_CONVERSION = YES;
				CLANG_WARN_COMMA = YES;
				CLANG_WARN_CONSTANT_CONVERSION = YES;
				CLANG_WARN_DEPRECATED_OBJC_IMPLEMENTATIONS = YES;
				CLANG_WARN_DIRECT_OBJC_ISA_USAGE = YES_ERROR;
				CLANG_WARN_DOCUMENTATION_COMMENTS = YES;
				CLANG_WARN_EMPTY_BODY = YES;
				CLANG_WARN_ENUM_CONVERSION = YES;
				CLANG_WARN_INFINITE_RECURSION = YES;
				CLANG_WARN_INT_CONVERSION = YES;
				CLANG_WARN_NON_LITERAL_NULL_CONVERSION = YES;
				CLANG_WARN_OBJC_IMPLICIT_RETAIN_SELF = YES;
				CLANG_WARN_OBJC_LITERAL_CONVERSION = YES;
				CLANG_WARN_OBJC_ROOT_CLASS = YES_ERROR;
				CLANG_WARN_RANGE_LOOP_ANALYSIS = YES;
				CLANG_WARN_STRICT_PROTOTYPES = YES;
				CLANG_WARN_SUSPICIOUS_MOVE = YES;
				CLANG_WARN_UNGUARDED_AVAILABILITY = YES_AGGRESSIVE;
				CLANG_WARN_UNREACHABLE_CODE = YES;
				CLANG_WARN__DUPLICATE_METHOD_MATCH = YES;
				COPY_PHASE_STRIP = NO;
				DEBUG_INFORMATION_FORMAT = dwarf;
				ENABLE_STRICT_OBJC_MSGSEND = YES;
				ENABLE_TESTABILITY = YES;
				GCC_C_LANGUAGE_STANDARD = gnu11;
				GCC_DYNAMIC_NO_PIC = NO;
				GCC_NO_COMMON_BLOCKS = YES;
				GCC_OPTIMIZATION_LEVEL = 0;
				GCC_PREPROCESSOR_DEFINITIONS = (
					"DEBUG=1",
					"$(inherited)",
				);
				GCC_WARN_64_TO_32_BIT_CONVERSION = YES;
				GCC_WARN_ABOUT_RETURN_TYPE = YES_ERROR;
				GCC_WARN_UNDECLARED_SELECTOR = YES;
				GCC_WARN_UNINITIALIZED_AUTOS = YES_AGGRESSIVE;
				GCC_WARN_UNUSED_FUNCTION = YES;
				GCC_WARN_UNUSED_VARIABLE = YES;
				IPHONEOS_DEPLOYMENT_TARGET = 13.0;
				MTL_ENABLE_DEBUG_INFO = INCLUDE_SOURCE;
				MTL_FAST_MATH = YES;
				ONLY_ACTIVE_ARCH = YES;
				SDKROOT = iphoneos;
				SWIFT_ACTIVE_COMPILATION_CONDITIONS = DEBUG;
				SWIFT_OPTIMIZATION_LEVEL = "-Onone";
			};
			name = Debug;
		};
		84179510238711E500B82E56 /* Release */ = {
			isa = XCBuildConfiguration;
			buildSettings = {
				ALWAYS_SEARCH_USER_PATHS = NO;
				CLANG_ANALYZER_NONNULL = YES;
				CLANG_ANALYZER_NUMBER_OBJECT_CONVERSION = YES_AGGRESSIVE;
				CLANG_CXX_LANGUAGE_STANDARD = "gnu++14";
				CLANG_CXX_LIBRARY = "libc++";
				CLANG_ENABLE_MODULES = YES;
				CLANG_ENABLE_OBJC_ARC = YES;
				CLANG_ENABLE_OBJC_WEAK = YES;
				CLANG_WARN_BLOCK_CAPTURE_AUTORELEASING = YES;
				CLANG_WARN_BOOL_CONVERSION = YES;
				CLANG_WARN_COMMA = YES;
				CLANG_WARN_CONSTANT_CONVERSION = YES;
				CLANG_WARN_DEPRECATED_OBJC_IMPLEMENTATIONS = YES;
				CLANG_WARN_DIRECT_OBJC_ISA_USAGE = YES_ERROR;
				CLANG_WARN_DOCUMENTATION_COMMENTS = YES;
				CLANG_WARN_EMPTY_BODY = YES;
				CLANG_WARN_ENUM_CONVERSION = YES;
				CLANG_WARN_INFINITE_RECURSION = YES;
				CLANG_WARN_INT_CONVERSION = YES;
				CLANG_WARN_NON_LITERAL_NULL_CONVERSION = YES;
				CLANG_WARN_OBJC_IMPLICIT_RETAIN_SELF = YES;
				CLANG_WARN_OBJC_LITERAL_CONVERSION = YES;
				CLANG_WARN_OBJC_ROOT_CLASS = YES_ERROR;
				CLANG_WARN_RANGE_LOOP_ANALYSIS = YES;
				CLANG_WARN_STRICT_PROTOTYPES = YES;
				CLANG_WARN_SUSPICIOUS_MOVE = YES;
				CLANG_WARN_UNGUARDED_AVAILABILITY = YES_AGGRESSIVE;
				CLANG_WARN_UNREACHABLE_CODE = YES;
				CLANG_WARN__DUPLICATE_METHOD_MATCH = YES;
				COPY_PHASE_STRIP = NO;
				DEBUG_INFORMATION_FORMAT = "dwarf-with-dsym";
				ENABLE_NS_ASSERTIONS = NO;
				ENABLE_STRICT_OBJC_MSGSEND = YES;
				GCC_C_LANGUAGE_STANDARD = gnu11;
				GCC_NO_COMMON_BLOCKS = YES;
				GCC_WARN_64_TO_32_BIT_CONVERSION = YES;
				GCC_WARN_ABOUT_RETURN_TYPE = YES_ERROR;
				GCC_WARN_UNDECLARED_SELECTOR = YES;
				GCC_WARN_UNINITIALIZED_AUTOS = YES_AGGRESSIVE;
				GCC_WARN_UNUSED_FUNCTION = YES;
				GCC_WARN_UNUSED_VARIABLE = YES;
				IPHONEOS_DEPLOYMENT_TARGET = 13.0;
				MTL_ENABLE_DEBUG_INFO = NO;
				MTL_FAST_MATH = YES;
				SDKROOT = iphoneos;
				SWIFT_COMPILATION_MODE = wholemodule;
				SWIFT_OPTIMIZATION_LEVEL = "-O";
				VALIDATE_PRODUCT = YES;
			};
			name = Release;
		};
		84179512238711E500B82E56 /* Debug */ = {
			isa = XCBuildConfiguration;
			baseConfigurationReference = D633A7F3344532DE266E56A1 /* Pods-UserLocation.debug.xcconfig */;
			buildSettings = {
				ASSETCATALOG_COMPILER_APPICON_NAME = AppIcon;
				CODE_SIGN_IDENTITY = "Apple Development";
				CODE_SIGN_STYLE = Automatic;
				DEVELOPMENT_TEAM = AV23R78L97;
				INFOPLIST_FILE = "$(SRCROOT)/UserLocation/Application/Info.plist";
				IPHONEOS_DEPLOYMENT_TARGET = 10.0;
				LD_RUNPATH_SEARCH_PATHS = (
					"$(inherited)",
					"@executable_path/Frameworks",
				);
				PRODUCT_BUNDLE_IDENTIFIER = com.IK.UserLocation;
				PRODUCT_NAME = "$(TARGET_NAME)";
				PROVISIONING_PROFILE_SPECIFIER = "";
				SWIFT_VERSION = 5.0;
				TARGETED_DEVICE_FAMILY = "1,2";
			};
			name = Debug;
		};
		84179513238711E500B82E56 /* Release */ = {
			isa = XCBuildConfiguration;
			baseConfigurationReference = 41731552F624D2AE38EFC7B5 /* Pods-UserLocation.release.xcconfig */;
			buildSettings = {
				ASSETCATALOG_COMPILER_APPICON_NAME = AppIcon;
				CODE_SIGN_IDENTITY = "Apple Development";
				CODE_SIGN_STYLE = Automatic;
				DEVELOPMENT_TEAM = AV23R78L97;
				INFOPLIST_FILE = "$(SRCROOT)/UserLocation/Application/Info.plist";
				IPHONEOS_DEPLOYMENT_TARGET = 10.0;
				LD_RUNPATH_SEARCH_PATHS = (
					"$(inherited)",
					"@executable_path/Frameworks",
				);
				PRODUCT_BUNDLE_IDENTIFIER = com.IK.UserLocation;
				PRODUCT_NAME = "$(TARGET_NAME)";
				PROVISIONING_PROFILE_SPECIFIER = "";
				SWIFT_VERSION = 5.0;
				TARGETED_DEVICE_FAMILY = "1,2";
			};
			name = Release;
		};
/* End XCBuildConfiguration section */

/* Begin XCConfigurationList section */
		841794F8238711E100B82E56 /* Build configuration list for PBXProject "UserLocation" */ = {
			isa = XCConfigurationList;
			buildConfigurations = (
				8417950F238711E500B82E56 /* Debug */,
				84179510238711E500B82E56 /* Release */,
			);
			defaultConfigurationIsVisible = 0;
			defaultConfigurationName = Release;
		};
		84179511238711E500B82E56 /* Build configuration list for PBXNativeTarget "UserLocation" */ = {
			isa = XCConfigurationList;
			buildConfigurations = (
				84179512238711E500B82E56 /* Debug */,
				84179513238711E500B82E56 /* Release */,
			);
			defaultConfigurationIsVisible = 0;
			defaultConfigurationName = Release;
		};
/* End XCConfigurationList section */
	};
	rootObject = 841794F5238711E100B82E56 /* Project object */;
}
